
Microsoft Visual Studio Solution File, Format Version 12.00
# Visual Studio Version 16
VisualStudioVersion = 16.0.808.6
MinimumVisualStudioVersion = 10.0.40219.1
Project("{FAE04EC0-301F-11D3-BF4B-00C04F79EFBC}") = "AwesomeProduct", "AwesomeProduct\AwesomeProduct.csproj", "{8E0453C6-3FEC-42A7-9E8C-53017CF7D14C}"
EndProject
Project("{FAE04EC0-301F-11D3-BF4B-00C04F79EFBC}") = "OtherApi", "OtherApi\OtherApi.csproj", "{50D03D12-DE5A-440A-ADDE-6199256929B5}"
EndProject
Project("{FAE04EC0-301F-11D3-BF4B-00C04F79EFBC}") = "AwesomeProduct.Tests", "AwesomeProduct.Tests\AwesomeProduct.Tests.csproj", "{DD47E7AB-0421-41F0-A934-66101C3CEA76}"
EndProject
Project("{FAE04EC0-301F-11D3-BF4B-00C04F79EFBC}") = "OtherApi.Tests", "OtherApi.Tests\OtherApi.Tests.csproj", "{CDECA950-EBAD-4ECE-8B67-4E02BF0AE88E}"
EndProject
Global
	GlobalSection(SolutionConfigurationPlatforms) = preSolution
		Debug|Any CPU = Debug|Any CPU
		Release|Any CPU = Release|Any CPU
	EndGlobalSection
	GlobalSection(ProjectConfigurationPlatforms) = postSolution
		{8E0453C6-3FEC-42A7-9E8C-53017CF7D14C}.Debug|Any CPU.ActiveCfg = Debug|Any CPU
		{8E0453C6-3FEC-42A7-9E8C-53017CF7D14C}.Debug|Any CPU.Build.0 = Debug|Any CPU
		{8E0453C6-3FEC-42A7-9E8C-53017CF7D14C}.Release|Any CPU.ActiveCfg = Release|Any CPU
		{8E0453C6-3FEC-42A7-9E8C-53017CF7D14C}.Release|Any CPU.Build.0 = Release|Any CPU
		{50D03D12-DE5A-440A-ADDE-6199256929B5}.Debug|Any CPU.ActiveCfg = Debug|Any CPU
		{50D03D12-DE5A-440A-ADDE-6199256929B5}.Debug|Any CPU.Build.0 = Debug|Any CPU
		{50D03D12-DE5A-440A-ADDE-6199256929B5}.Release|Any CPU.ActiveCfg = Release|Any CPU
		{50D03D12-DE5A-440A-ADDE-6199256929B5}.Release|Any CPU.Build.0 = Release|Any CPU
		{DD47E7AB-0421-41F0-A934-66101C3CEA76}.Debug|Any CPU.ActiveCfg = Debug|Any CPU
		{DD47E7AB-0421-41F0-A934-66101C3CEA76}.Debug|Any CPU.Build.0 = Debug|Any CPU
		{DD47E7AB-0421-41F0-A934-66101C3CEA76}.Release|Any CPU.ActiveCfg = Release|Any CPU
		{DD47E7AB-0421-41F0-A934-66101C3CEA76}.Release|Any CPU.Build.0 = Release|Any CPU
		{CDECA950-EBAD-4ECE-8B67-4E02BF0AE88E}.Debug|Any CPU.ActiveCfg = Debug|Any CPU
		{CDECA950-EBAD-4ECE-8B67-4E02BF0AE88E}.Debug|Any CPU.Build.0 = Debug|Any CPU
		{CDECA950-EBAD-4ECE-8B67-4E02BF0AE88E}.Release|Any CPU.ActiveCfg = Release|Any CPU
		{CDECA950-EBAD-4ECE-8B67-4E02BF0AE88E}.Release|Any CPU.Build.0 = Release|Any CPU
	EndGlobalSection
	GlobalSection(SolutionProperties) = preSolution
		HideSolutionNode = FALSE
	EndGlobalSection
	GlobalSection(ExtensibilityGlobals) = postSolution
		SolutionGuid = {7B71C02B-0297-4BA9-B26C-9D48E6A7C869}
	EndGlobalSection
	GlobalSection(MonoDevelopProperties) = preSolution
		Policies = $0
		$0.StandardHeader = $1
		description = An Awesome App
	EndGlobalSection
EndGlobal
